
Microsoft Visual Studio Solution File, Format Version 12.00
# Visual Studio Version 17
VisualStudioVersion = 17.4.33403.182
MinimumVisualStudioVersion = 10.0.40219.1
Project("{9A19103F-16F7-4668-BE54-9A1E7A4F7556}") = "drip-chip-api", "drip-chip-api\drip-chip-api.csproj", "{DBF9FB09-2B53-460C-AE63-AB681D6CBAEA}"
EndProject
Project("{E53339B2-1760-4266-BCC7-CA923CBCF16C}") = "docker-compose", "docker-compose.dcproj", "{AF46189F-1134-4451-B51B-D4EE3A8E5507}"
EndProject
Global
	GlobalSection(SolutionConfigurationPlatforms) = preSolution
		Debug|Any CPU = Debug|Any CPU
		Release|Any CPU = Release|Any CPU
	EndGlobalSection
	GlobalSection(ProjectConfigurationPlatforms) = postSolution
		{DBF9FB09-2B53-460C-AE63-AB681D6CBAEA}.Debug|Any CPU.ActiveCfg = Debug|Any CPU
		{DBF9FB09-2B53-460C-AE63-AB681D6CBAEA}.Debug|Any CPU.Build.0 = Debug|Any CPU
		{DBF9FB09-2B53-460C-AE63-AB681D6CBAEA}.Release|Any CPU.ActiveCfg = Release|Any CPU
		{DBF9FB09-2B53-460C-AE63-AB681D6CBAEA}.Release|Any CPU.Build.0 = Release|Any CPU
		{AF46189F-1134-4451-B51B-D4EE3A8E5507}.Debug|Any CPU.ActiveCfg = Debug|Any CPU
		{AF46189F-1134-4451-B51B-D4EE3A8E5507}.Debug|Any CPU.Build.0 = Debug|Any CPU
		{AF46189F-1134-4451-B51B-D4EE3A8E5507}.Release|Any CPU.ActiveCfg = Release|Any CPU
		{AF46189F-1134-4451-B51B-D4EE3A8E5507}.Release|Any CPU.Build.0 = Release|Any CPU
	EndGlobalSection
	GlobalSection(SolutionProperties) = preSolution
		HideSolutionNode = FALSE
	EndGlobalSection
	GlobalSection(ExtensibilityGlobals) = postSolution
		SolutionGuid = {636401F9-48C6-4C80-9701-098D9E41F85B}
	EndGlobalSection
EndGlobal
